# @generated - this file is auto-generated by `mise lock` https://mise.jdx.dev/dev-tools/mise-lock.html

lockfile_version = 1

[[tools."http:arduino-cli-x64"]]
version = "1.5.1"
backend = "http:arduino-cli-x64"
specifiers = ["1.5.1"]

[tools."http:arduino-cli-x64"."platforms.macos-arm64"]
checksum = "sha256:c982e940027996bea9901050e95fae99c59c1dcfee54beedecaf28141e7bf2e7"
url = "https://github.com/arduino/arduino-cli/releases/download/v1.5.1/arduino-cli_1.5.1_macOS_64bit.tar.gz"
