# @generated - this file is auto-generated by `mise lock` https://mise.jdx.dev/dev-tools/mise-lock.html

lockfile_version = 1

[[tools."conda:libusb"]]
version = "1.0.29"
backend = "conda:libusb"
specifiers = ["1.0.29"]

[tools."conda:libusb".options]
channel = "conda-forge"

[tools."conda:libusb"."platforms.macos-arm64"]
checksum = "sha256:5eee9a2bf359e474d4548874bcfc8d29ebad0d9ba015314439c256904e40aaad"
url = "https://conda.anaconda.org/conda-forge/osx-arm64/libusb-1.0.29-hbc156a2_0.conda"
conda_deps = []

[[tools."http:xpack-riscv-none-elf-gcc"]]
version = "13.2.0-2"
backend = "http:xpack-riscv-none-elf-gcc"
specifiers = ["13.2.0-2"]

[tools."http:xpack-riscv-none-elf-gcc"."platforms.macos-arm64"]
checksum = "sha256:dfe3123e5e5093b165eaaf18401b802cbb8697f5ec9b0f5cfd99c45e848fd8a7"
url = "https://github.com/xpack-dev-tools/riscv-none-elf-gcc-xpack/releases/download/v13.2.0-2/xpack-riscv-none-elf-gcc-13.2.0-2-darwin-arm64.tar.gz"
